
Microsoft Visual Studio Solution File, Format Version 12.00
# Visual Studio 2013
VisualStudioVersion = 12.0.21005.1
MinimumVisualStudioVersion = 10.0.40219.1
Project("{FAE04EC0-301F-11D3-BF4B-00C04F79EFBC}") = "ThuHocPhi", "ThuHocPhi\ThuHocPhi.csproj", "{5DAFE458-61E4-4758-A22E-D391B3FFD79A}"
EndProject
Project("{FAE04EC0-301F-11D3-BF4B-00C04F79EFBC}") = "WindowsFormsApplication1", "WindowsFormsApplication1\WindowsFormsApplication1.csproj", "{3C2C4A2D-2EF1-4CB9-8F06-8924DDDA1004}"
EndProject
Project("{FAE04EC0-301F-11D3-BF4B-00C04F79EFBC}") = "WindowsFormsApplication2", "WindowsFormsApplication2\WindowsFormsApplication2.csproj", "{EE1160FC-8487-4A58-8679-30046613C0F8}"
EndProject
Global
	GlobalSection(SolutionConfigurationPlatforms) = preSolution
		Debug|Any CPU = Debug|Any CPU
		Debug|Mixed Platforms = Debug|Mixed Platforms
		Debug|x86 = Debug|x86
		Release|Any CPU = Release|Any CPU
		Release|Mixed Platforms = Release|Mixed Platforms
		Release|x86 = Release|x86
	EndGlobalSection
	GlobalSection(ProjectConfigurationPlatforms) = postSolution
		{5DAFE458-61E4-4758-A22E-D391B3FFD79A}.Debug|Any CPU.ActiveCfg = Debug|x86
		{5DAFE458-61E4-4758-A22E-D391B3FFD79A}.Debug|Mixed Platforms.ActiveCfg = Debug|x86
		{5DAFE458-61E4-4758-A22E-D391B3FFD79A}.Debug|Mixed Platforms.Build.0 = Debug|x86
		{5DAFE458-61E4-4758-A22E-D391B3FFD79A}.Debug|x86.ActiveCfg = Debug|x86
		{5DAFE458-61E4-4758-A22E-D391B3FFD79A}.Debug|x86.Build.0 = Debug|x86
		{5DAFE458-61E4-4758-A22E-D391B3FFD79A}.Release|Any CPU.ActiveCfg = Release|x86
		{5DAFE458-61E4-4758-A22E-D391B3FFD79A}.Release|Mixed Platforms.ActiveCfg = Release|x86
		{5DAFE458-61E4-4758-A22E-D391B3FFD79A}.Release|Mixed Platforms.Build.0 = Release|x86
		{5DAFE458-61E4-4758-A22E-D391B3FFD79A}.Release|x86.ActiveCfg = Release|x86
		{5DAFE458-61E4-4758-A22E-D391B3FFD79A}.Release|x86.Build.0 = Release|x86
		{3C2C4A2D-2EF1-4CB9-8F06-8924DDDA1004}.Debug|Any CPU.ActiveCfg = Debug|Any CPU
		{3C2C4A2D-2EF1-4CB9-8F06-8924DDDA1004}.Debug|Any CPU.Build.0 = Debug|Any CPU
		{3C2C4A2D-2EF1-4CB9-8F06-8924DDDA1004}.Debug|Mixed Platforms.ActiveCfg = Debug|Any CPU
		{3C2C4A2D-2EF1-4CB9-8F06-8924DDDA1004}.Debug|Mixed Platforms.Build.0 = Debug|Any CPU
		{3C2C4A2D-2EF1-4CB9-8F06-8924DDDA1004}.Debug|x86.ActiveCfg = Debug|Any CPU
		{3C2C4A2D-2EF1-4CB9-8F06-8924DDDA1004}.Release|Any CPU.ActiveCfg = Release|Any CPU
		{3C2C4A2D-2EF1-4CB9-8F06-8924DDDA1004}.Release|Any CPU.Build.0 = Release|Any CPU
		{3C2C4A2D-2EF1-4CB9-8F06-8924DDDA1004}.Release|Mixed Platforms.ActiveCfg = Release|Any CPU
		{3C2C4A2D-2EF1-4CB9-8F06-8924DDDA1004}.Release|Mixed Platforms.Build.0 = Release|Any CPU
		{3C2C4A2D-2EF1-4CB9-8F06-8924DDDA1004}.Release|x86.ActiveCfg = Release|Any CPU
		{EE1160FC-8487-4A58-8679-30046613C0F8}.Debug|Any CPU.ActiveCfg = Debug|Any CPU
		{EE1160FC-8487-4A58-8679-30046613C0F8}.Debug|Any CPU.Build.0 = Debug|Any CPU
		{EE1160FC-8487-4A58-8679-30046613C0F8}.Debug|Mixed Platforms.ActiveCfg = Debug|Any CPU
		{EE1160FC-8487-4A58-8679-30046613C0F8}.Debug|Mixed Platforms.Build.0 = Debug|Any CPU
		{EE1160FC-8487-4A58-8679-30046613C0F8}.Debug|x86.ActiveCfg = Debug|Any CPU
		{EE1160FC-8487-4A58-8679-30046613C0F8}.Release|Any CPU.ActiveCfg = Release|Any CPU
		{EE1160FC-8487-4A58-8679-30046613C0F8}.Release|Any CPU.Build.0 = Release|Any CPU
		{EE1160FC-8487-4A58-8679-30046613C0F8}.Release|Mixed Platforms.ActiveCfg = Release|Any CPU
		{EE1160FC-8487-4A58-8679-30046613C0F8}.Release|Mixed Platforms.Build.0 = Release|Any CPU
		{EE1160FC-8487-4A58-8679-30046613C0F8}.Release|x86.ActiveCfg = Release|Any CPU
	EndGlobalSection
	GlobalSection(SolutionProperties) = preSolution
		HideSolutionNode = FALSE
	EndGlobalSection
EndGlobal
